
Microsoft Visual Studio Solution File, Format Version 12.00
# Visual Studio Version 16
VisualStudioVersion = 16.0.28315.86
MinimumVisualStudioVersion = 10.0.40219.1
Project("{2150E333-8FDC-42A3-9474-1A3956D46DE8}") = "Engine", "Engine", "{10232FFE-6C81-4995-B5AB-6E12D2D89C5C}"
EndProject
Project("{2150E333-8FDC-42A3-9474-1A3956D46DE8}") = "Games", "Games", "{76C4E7B4-2C42-42C7-B1EB-FC2783895171}"
EndProject
Project("{8BC9CEB8-8B4A-11D0-8D11-00A0C91BC942}") = "UE4", "Intermediate\ProjectFiles\UE4.vcxproj", "{6F54BFE5-5985-4757-BABF-2A6DA967F503}"
EndProject
Project("{8BC9CEB8-8B4A-11D0-8D11-00A0C91BC942}") = "ProceduralRooms", "Intermediate\ProjectFiles\ProceduralRooms.vcxproj", "{A676BF8C-FC1F-48A1-B666-95F9122E92EA}"
EndProject
Project("{2150E333-8FDC-42A3-9474-1A3956D46DE8}") = "Visualizers", "Visualizers", "{DD86AB4A-FF7F-4D42-BA73-C066A0C5C42E}"
	ProjectSection(SolutionItems) = preProject
		..\..\..\..\..\Program Files\Epic Games\UE_4.24\Engine\Extras\VisualStudioDebugging\UE4.natvis = ..\..\..\..\..\Program Files\Epic Games\UE_4.24\Engine\Extras\VisualStudioDebugging\UE4.natvis
	EndProjectSection
EndProject
Global
	GlobalSection(SolutionConfigurationPlatforms) = preSolution
		DebugGame Editor|Win32 = DebugGame Editor|Win32
		DebugGame Editor|Win64 = DebugGame Editor|Win64
		DebugGame|Win32 = DebugGame|Win32
		DebugGame|Win64 = DebugGame|Win64
		Development Editor|Win32 = Development Editor|Win32
		Development Editor|Win64 = Development Editor|Win64
		Development|Win32 = Development|Win32
		Development|Win64 = Development|Win64
		Shipping|Win32 = Shipping|Win32
		Shipping|Win64 = Shipping|Win64
	EndGlobalSection
	GlobalSection(ProjectConfigurationPlatforms) = postSolution
		{6F54BFE5-5985-4757-BABF-2A6DA967F503}.DebugGame Editor|Win32.ActiveCfg = BuiltWithUnrealBuildTool|Win32
		{6F54BFE5-5985-4757-BABF-2A6DA967F503}.DebugGame Editor|Win64.ActiveCfg = BuiltWithUnrealBuildTool|Win32
		{6F54BFE5-5985-4757-BABF-2A6DA967F503}.DebugGame|Win32.ActiveCfg = BuiltWithUnrealBuildTool|Win32
		{6F54BFE5-5985-4757-BABF-2A6DA967F503}.DebugGame|Win64.ActiveCfg = BuiltWithUnrealBuildTool|Win32
		{6F54BFE5-5985-4757-BABF-2A6DA967F503}.Development Editor|Win32.ActiveCfg = BuiltWithUnrealBuildTool|Win32
		{6F54BFE5-5985-4757-BABF-2A6DA967F503}.Development Editor|Win64.ActiveCfg = BuiltWithUnrealBuildTool|Win32
		{6F54BFE5-5985-4757-BABF-2A6DA967F503}.Development|Win32.ActiveCfg = BuiltWithUnrealBuildTool|Win32
		{6F54BFE5-5985-4757-BABF-2A6DA967F503}.Development|Win64.ActiveCfg = BuiltWithUnrealBuildTool|Win32
		{6F54BFE5-5985-4757-BABF-2A6DA967F503}.Shipping|Win32.ActiveCfg = BuiltWithUnrealBuildTool|Win32
		{6F54BFE5-5985-4757-BABF-2A6DA967F503}.Shipping|Win64.ActiveCfg = BuiltWithUnrealBuildTool|Win32
		{A676BF8C-FC1F-48A1-B666-95F9122E92EA}.DebugGame Editor|Win32.ActiveCfg = Invalid|Win32
		{A676BF8C-FC1F-48A1-B666-95F9122E92EA}.DebugGame Editor|Win64.ActiveCfg = DebugGame_Editor|x64
		{A676BF8C-FC1F-48A1-B666-95F9122E92EA}.DebugGame Editor|Win64.Build.0 = DebugGame_Editor|x64
		{A676BF8C-FC1F-48A1-B666-95F9122E92EA}.DebugGame|Win32.ActiveCfg = DebugGame|Win32
		{A676BF8C-FC1F-48A1-B666-95F9122E92EA}.DebugGame|Win32.Build.0 = DebugGame|Win32
		{A676BF8C-FC1F-48A1-B666-95F9122E92EA}.DebugGame|Win64.ActiveCfg = DebugGame|x64
		{A676BF8C-FC1F-48A1-B666-95F9122E92EA}.DebugGame|Win64.Build.0 = DebugGame|x64
		{A676BF8C-FC1F-48A1-B666-95F9122E92EA}.Development Editor|Win32.ActiveCfg = Invalid|Win32
		{A676BF8C-FC1F-48A1-B666-95F9122E92EA}.Development Editor|Win64.ActiveCfg = Development_Editor|x64
		{A676BF8C-FC1F-48A1-B666-95F9122E92EA}.Development Editor|Win64.Build.0 = Development_Editor|x64
		{A676BF8C-FC1F-48A1-B666-95F9122E92EA}.Development|Win32.ActiveCfg = Development|Win32
		{A676BF8C-FC1F-48A1-B666-95F9122E92EA}.Development|Win32.Build.0 = Development|Win32
		{A676BF8C-FC1F-48A1-B666-95F9122E92EA}.Development|Win64.ActiveCfg = Development|x64
		{A676BF8C-FC1F-48A1-B666-95F9122E92EA}.Development|Win64.Build.0 = Development|x64
		{A676BF8C-FC1F-48A1-B666-95F9122E92EA}.Shipping|Win32.ActiveCfg = Shipping|Win32
		{A676BF8C-FC1F-48A1-B666-95F9122E92EA}.Shipping|Win32.Build.0 = Shipping|Win32
		{A676BF8C-FC1F-48A1-B666-95F9122E92EA}.Shipping|Win64.ActiveCfg = Shipping|x64
		{A676BF8C-FC1F-48A1-B666-95F9122E92EA}.Shipping|Win64.Build.0 = Shipping|x64
	EndGlobalSection
	GlobalSection(SolutionProperties) = preSolution
		HideSolutionNode = FALSE
	EndGlobalSection
	GlobalSection(NestedProjects) = preSolution
		{6F54BFE5-5985-4757-BABF-2A6DA967F503} = {10232FFE-6C81-4995-B5AB-6E12D2D89C5C}
		{A676BF8C-FC1F-48A1-B666-95F9122E92EA} = {76C4E7B4-2C42-42C7-B1EB-FC2783895171}
	EndGlobalSection
EndGlobal
